
Microsoft Visual Studio Solution File, Format Version 12.00
# Visual Studio 15
VisualStudioVersion = 15.0.27004.2006
MinimumVisualStudioVersion = 10.0.40219.1
Project("{FAE04EC0-301F-11D3-BF4B-00C04F79EFBC}") = "WebStore.Domain", "WebStore.Domain\WebStore.Domain.csproj", "{D6155511-CF2F-44EE-96E4-298224510535}"
EndProject
Project("{FAE04EC0-301F-11D3-BF4B-00C04F79EFBC}") = "WebStore.WebUI", "WebStore.WebUI\WebStore.WebUI.csproj", "{F2AFE557-A353-4453-B782-CD8E8AF1DBA7}"
EndProject
Project("{FAE04EC0-301F-11D3-BF4B-00C04F79EFBC}") = "WebStore.UnitTests", "WebStore.UnitTests\WebStore.UnitTests.csproj", "{F9F91DD5-7330-4728-BCD2-55F7CA92063F}"
EndProject
Global
	GlobalSection(SolutionConfigurationPlatforms) = preSolution
		Debug|Any CPU = Debug|Any CPU
		Release|Any CPU = Release|Any CPU
	EndGlobalSection
	GlobalSection(ProjectConfigurationPlatforms) = postSolution
		{D6155511-CF2F-44EE-96E4-298224510535}.Debug|Any CPU.ActiveCfg = Debug|Any CPU
		{D6155511-CF2F-44EE-96E4-298224510535}.Debug|Any CPU.Build.0 = Debug|Any CPU
		{D6155511-CF2F-44EE-96E4-298224510535}.Release|Any CPU.ActiveCfg = Release|Any CPU
		{D6155511-CF2F-44EE-96E4-298224510535}.Release|Any CPU.Build.0 = Release|Any CPU
		{F2AFE557-A353-4453-B782-CD8E8AF1DBA7}.Debug|Any CPU.ActiveCfg = Debug|Any CPU
		{F2AFE557-A353-4453-B782-CD8E8AF1DBA7}.Debug|Any CPU.Build.0 = Debug|Any CPU
		{F2AFE557-A353-4453-B782-CD8E8AF1DBA7}.Release|Any CPU.ActiveCfg = Release|Any CPU
		{F2AFE557-A353-4453-B782-CD8E8AF1DBA7}.Release|Any CPU.Build.0 = Release|Any CPU
		{F9F91DD5-7330-4728-BCD2-55F7CA92063F}.Debug|Any CPU.ActiveCfg = Debug|Any CPU
		{F9F91DD5-7330-4728-BCD2-55F7CA92063F}.Debug|Any CPU.Build.0 = Debug|Any CPU
		{F9F91DD5-7330-4728-BCD2-55F7CA92063F}.Release|Any CPU.ActiveCfg = Release|Any CPU
		{F9F91DD5-7330-4728-BCD2-55F7CA92063F}.Release|Any CPU.Build.0 = Release|Any CPU
	EndGlobalSection
	GlobalSection(SolutionProperties) = preSolution
		HideSolutionNode = FALSE
	EndGlobalSection
	GlobalSection(ExtensibilityGlobals) = postSolution
		SolutionGuid = {7F7864E9-124C-4A37-BB14-4994CCB8FEAF}
	EndGlobalSection
EndGlobal
